
Microsoft Visual Studio Solution File, Format Version 12.00
# Visual Studio Version 17
VisualStudioVersion = 17.10.34928.147
MinimumVisualStudioVersion = 10.0.40219.1
Project("{9A19103F-16F7-4668-BE54-9A1E7A4F7556}") = "Task1", "Task1\Task1.csproj", "{451B82D1-3F08-410D-AA0E-8D4F9DF20FAC}"
EndProject
Project("{9A19103F-16F7-4668-BE54-9A1E7A4F7556}") = "Task2", "Task2\Task2.csproj", "{3FC7918F-1448-4C02-9C5F-33212E265511}"
EndProject
Project("{9A19103F-16F7-4668-BE54-9A1E7A4F7556}") = "Task3", "Task3\Task3.csproj", "{8DCA1BE1-14B4-4D22-930B-AE41816A6813}"
EndProject
Project("{FAE04EC0-301F-11D3-BF4B-00C04F79EFBC}") = "Task4", "Task4\Task4.csproj", "{D888D8D6-04C7-406B-A363-B3D752E332B3}"
EndProject
Global
	GlobalSection(SolutionConfigurationPlatforms) = preSolution
		Debug|Any CPU = Debug|Any CPU
		Release|Any CPU = Release|Any CPU
	EndGlobalSection
	GlobalSection(ProjectConfigurationPlatforms) = postSolution
		{451B82D1-3F08-410D-AA0E-8D4F9DF20FAC}.Debug|Any CPU.ActiveCfg = Debug|Any CPU
		{451B82D1-3F08-410D-AA0E-8D4F9DF20FAC}.Debug|Any CPU.Build.0 = Debug|Any CPU
		{451B82D1-3F08-410D-AA0E-8D4F9DF20FAC}.Release|Any CPU.ActiveCfg = Release|Any CPU
		{451B82D1-3F08-410D-AA0E-8D4F9DF20FAC}.Release|Any CPU.Build.0 = Release|Any CPU
		{3FC7918F-1448-4C02-9C5F-33212E265511}.Debug|Any CPU.ActiveCfg = Debug|Any CPU
		{3FC7918F-1448-4C02-9C5F-33212E265511}.Debug|Any CPU.Build.0 = Debug|Any CPU
		{3FC7918F-1448-4C02-9C5F-33212E265511}.Release|Any CPU.ActiveCfg = Release|Any CPU
		{3FC7918F-1448-4C02-9C5F-33212E265511}.Release|Any CPU.Build.0 = Release|Any CPU
		{8DCA1BE1-14B4-4D22-930B-AE41816A6813}.Debug|Any CPU.ActiveCfg = Debug|Any CPU
		{8DCA1BE1-14B4-4D22-930B-AE41816A6813}.Debug|Any CPU.Build.0 = Debug|Any CPU
		{8DCA1BE1-14B4-4D22-930B-AE41816A6813}.Release|Any CPU.ActiveCfg = Release|Any CPU
		{8DCA1BE1-14B4-4D22-930B-AE41816A6813}.Release|Any CPU.Build.0 = Release|Any CPU
		{D888D8D6-04C7-406B-A363-B3D752E332B3}.Debug|Any CPU.ActiveCfg = Debug|Any CPU
		{D888D8D6-04C7-406B-A363-B3D752E332B3}.Debug|Any CPU.Build.0 = Debug|Any CPU
		{D888D8D6-04C7-406B-A363-B3D752E332B3}.Release|Any CPU.ActiveCfg = Release|Any CPU
		{D888D8D6-04C7-406B-A363-B3D752E332B3}.Release|Any CPU.Build.0 = Release|Any CPU
	EndGlobalSection
	GlobalSection(SolutionProperties) = preSolution
		HideSolutionNode = FALSE
	EndGlobalSection
	GlobalSection(ExtensibilityGlobals) = postSolution
		SolutionGuid = {7763E5BF-40E9-4959-ACF6-4F41AD328507}
	EndGlobalSection
EndGlobal
